
Microsoft Visual Studio Solution File, Format Version 12.00
# Visual Studio Version 16
VisualStudioVersion = 16.0.32802.440
MinimumVisualStudioVersion = 10.0.40219.1
Project("{FAE04EC0-301F-11D3-BF4B-00C04F79EFBC}") = "RUAP - LV4", "RUAP - LV4\RUAP - LV4.csproj", "{67D47ACF-5FB5-4F21-AFDC-A9364F3BD44F}"
EndProject
Global
	GlobalSection(SolutionConfigurationPlatforms) = preSolution
		Debug|Any CPU = Debug|Any CPU
		Release|Any CPU = Release|Any CPU
	EndGlobalSection
	GlobalSection(ProjectConfigurationPlatforms) = postSolution
		{67D47ACF-5FB5-4F21-AFDC-A9364F3BD44F}.Debug|Any CPU.ActiveCfg = Debug|Any CPU
		{67D47ACF-5FB5-4F21-AFDC-A9364F3BD44F}.Debug|Any CPU.Build.0 = Debug|Any CPU
		{67D47ACF-5FB5-4F21-AFDC-A9364F3BD44F}.Release|Any CPU.ActiveCfg = Release|Any CPU
		{67D47ACF-5FB5-4F21-AFDC-A9364F3BD44F}.Release|Any CPU.Build.0 = Release|Any CPU
	EndGlobalSection
	GlobalSection(SolutionProperties) = preSolution
		HideSolutionNode = FALSE
	EndGlobalSection
	GlobalSection(ExtensibilityGlobals) = postSolution
		SolutionGuid = {597BCE34-48EE-42FE-B610-AC933B281285}
	EndGlobalSection
EndGlobal
